
Microsoft Visual Studio Solution File, Format Version 12.00
Project("{FAE04EC0-301F-11D3-BF4B-00C04F79EFBC}") = "Core", "src\Core\Core.csproj", "{44C642A8-1502-479B-AE45-86302352124C}"
EndProject
Project("{FAE04EC0-301F-11D3-BF4B-00C04F79EFBC}") = "Domain", "src\Domain\Domain.csproj", "{F65DF5A3-9575-40D6-A4A2-6436E7CDA5AB}"
EndProject
Project("{FAE04EC0-301F-11D3-BF4B-00C04F79EFBC}") = "Application", "src\Application\Application.csproj", "{B53F39AF-27D3-4CDF-8DB6-B8E8CC0F565C}"
EndProject
Project("{FAE04EC0-301F-11D3-BF4B-00C04F79EFBC}") = "Infastructure", "src\Infastructure\Infastructure.csproj", "{E185BA5C-B645-4579-A033-9BEBF4E50F64}"
EndProject
Project("{FAE04EC0-301F-11D3-BF4B-00C04F79EFBC}") = "WebApi", "src\WebApi\WebApi.csproj", "{D69252BF-D089-4846-A8F1-12D94B2B7845}"
EndProject
Project("{FAE04EC0-301F-11D3-BF4B-00C04F79EFBC}") = "Mvc", "src\Mvc\Mvc.csproj", "{9E6E7CA8-1C36-40E4-B130-AC3C2E776718}"
EndProject
Project("{2150E333-8FDC-42A3-9474-1A3956D46DE8}") = "src", "src", "{70350123-9CB7-4EED-A0AE-C3B8F89F87BA}"
EndProject
Global
	GlobalSection(SolutionConfigurationPlatforms) = preSolution
		Debug|Any CPU = Debug|Any CPU
		Release|Any CPU = Release|Any CPU
	EndGlobalSection
	GlobalSection(ProjectConfigurationPlatforms) = postSolution
		{44C642A8-1502-479B-AE45-86302352124C}.Debug|Any CPU.ActiveCfg = Debug|Any CPU
		{44C642A8-1502-479B-AE45-86302352124C}.Debug|Any CPU.Build.0 = Debug|Any CPU
		{44C642A8-1502-479B-AE45-86302352124C}.Release|Any CPU.ActiveCfg = Release|Any CPU
		{44C642A8-1502-479B-AE45-86302352124C}.Release|Any CPU.Build.0 = Release|Any CPU
		{F65DF5A3-9575-40D6-A4A2-6436E7CDA5AB}.Debug|Any CPU.ActiveCfg = Debug|Any CPU
		{F65DF5A3-9575-40D6-A4A2-6436E7CDA5AB}.Debug|Any CPU.Build.0 = Debug|Any CPU
		{F65DF5A3-9575-40D6-A4A2-6436E7CDA5AB}.Release|Any CPU.ActiveCfg = Release|Any CPU
		{F65DF5A3-9575-40D6-A4A2-6436E7CDA5AB}.Release|Any CPU.Build.0 = Release|Any CPU
		{B53F39AF-27D3-4CDF-8DB6-B8E8CC0F565C}.Debug|Any CPU.ActiveCfg = Debug|Any CPU
		{B53F39AF-27D3-4CDF-8DB6-B8E8CC0F565C}.Debug|Any CPU.Build.0 = Debug|Any CPU
		{B53F39AF-27D3-4CDF-8DB6-B8E8CC0F565C}.Release|Any CPU.ActiveCfg = Release|Any CPU
		{B53F39AF-27D3-4CDF-8DB6-B8E8CC0F565C}.Release|Any CPU.Build.0 = Release|Any CPU
		{E185BA5C-B645-4579-A033-9BEBF4E50F64}.Debug|Any CPU.ActiveCfg = Debug|Any CPU
		{E185BA5C-B645-4579-A033-9BEBF4E50F64}.Debug|Any CPU.Build.0 = Debug|Any CPU
		{E185BA5C-B645-4579-A033-9BEBF4E50F64}.Release|Any CPU.ActiveCfg = Release|Any CPU
		{E185BA5C-B645-4579-A033-9BEBF4E50F64}.Release|Any CPU.Build.0 = Release|Any CPU
		{D69252BF-D089-4846-A8F1-12D94B2B7845}.Debug|Any CPU.ActiveCfg = Debug|Any CPU
		{D69252BF-D089-4846-A8F1-12D94B2B7845}.Debug|Any CPU.Build.0 = Debug|Any CPU
		{D69252BF-D089-4846-A8F1-12D94B2B7845}.Release|Any CPU.ActiveCfg = Release|Any CPU
		{D69252BF-D089-4846-A8F1-12D94B2B7845}.Release|Any CPU.Build.0 = Release|Any CPU
		{9E6E7CA8-1C36-40E4-B130-AC3C2E776718}.Debug|Any CPU.ActiveCfg = Debug|Any CPU
		{9E6E7CA8-1C36-40E4-B130-AC3C2E776718}.Debug|Any CPU.Build.0 = Debug|Any CPU
		{9E6E7CA8-1C36-40E4-B130-AC3C2E776718}.Release|Any CPU.ActiveCfg = Release|Any CPU
		{9E6E7CA8-1C36-40E4-B130-AC3C2E776718}.Release|Any CPU.Build.0 = Release|Any CPU
	EndGlobalSection
	GlobalSection(NestedProjects) = preSolution
		{B53F39AF-27D3-4CDF-8DB6-B8E8CC0F565C} = {70350123-9CB7-4EED-A0AE-C3B8F89F87BA}
		{44C642A8-1502-479B-AE45-86302352124C} = {70350123-9CB7-4EED-A0AE-C3B8F89F87BA}
		{F65DF5A3-9575-40D6-A4A2-6436E7CDA5AB} = {70350123-9CB7-4EED-A0AE-C3B8F89F87BA}
		{E185BA5C-B645-4579-A033-9BEBF4E50F64} = {70350123-9CB7-4EED-A0AE-C3B8F89F87BA}
		{9E6E7CA8-1C36-40E4-B130-AC3C2E776718} = {70350123-9CB7-4EED-A0AE-C3B8F89F87BA}
		{D69252BF-D089-4846-A8F1-12D94B2B7845} = {70350123-9CB7-4EED-A0AE-C3B8F89F87BA}
	EndGlobalSection
EndGlobal
